// !$*UTF8*$!
{
	archiveVersion = 1;
	classes = {
	};
	objectVersion = 56;
	objects = {

/* Begin PBXBuildFile section */
		902B54DF2CC6C19000BC83AF /* FirebaseAuthApp.swift in Sources */ = {isa = PBXBuildFile; fileRef = 902B54DE2CC6C19000BC83AF /* FirebaseAuthApp.swift */; };
		902B54E12CC6C19000BC83AF /* ContentView.swift in Sources */ = {isa = PBXBuildFile; fileRef = 902B54E02CC6C19000BC83AF /* ContentView.swift */; };
		902B54E32CC6C19200BC83AF /* Assets.xcassets in Resources */ = {isa = PBXBuildFile; fileRef = 902B54E22CC6C19200BC83AF /* Assets.xcassets */; };
		902B54E72CC6C19200BC83AF /* Preview Assets.xcassets in Resources */ = {isa = PBXBuildFile; fileRef = 902B54E62CC6C19200BC83AF /* Preview Assets.xcassets */; };
		902B54F12CC6C19200BC83AF /* FirebaseAuthTests.swift in Sources */ = {isa = PBXBuildFile; fileRef = 902B54F02CC6C19200BC83AF /* FirebaseAuthTests.swift */; };
		902B54FB2CC6C19200BC83AF /* FirebaseAuthUITests.swift in Sources */ = {isa = PBXBuildFile; fileRef = 902B54FA2CC6C19200BC83AF /* FirebaseAuthUITests.swift */; };
		902B54FD2CC6C19200BC83AF /* FirebaseAuthUITestsLaunchTests.swift in Sources */ = {isa = PBXBuildFile; fileRef = 902B54FC2CC6C19200BC83AF /* FirebaseAuthUITestsLaunchTests.swift */; };
		902B55132CC78B1500BC83AF /* LoginAssets.xcassets in Resources */ = {isa = PBXBuildFile; fileRef = 902B55122CC78B1500BC83AF /* LoginAssets.xcassets */; };
		902B55152CC78C0100BC83AF /* LoginView.swift in Sources */ = {isa = PBXBuildFile; fileRef = 902B55142CC78C0100BC83AF /* LoginView.swift */; };
		902B55182CC7B33000BC83AF /* CapsuleButtonStyle.swift in Sources */ = {isa = PBXBuildFile; fileRef = 902B55172CC7B33000BC83AF /* CapsuleButtonStyle.swift */; };
/* End PBXBuildFile section */

/* Begin PBXContainerItemProxy section */
		902B54ED2CC6C19200BC83AF /* PBXContainerItemProxy */ = {
			isa = PBXContainerItemProxy;
			containerPortal = 902B54D32CC6C19000BC83AF /* Project object */;
			proxyType = 1;
			remoteGlobalIDString = 902B54DA2CC6C19000BC83AF;
			remoteInfo = FirebaseAuth;
		};
		902B54F72CC6C19200BC83AF /* PBXContainerItemProxy */ = {
			isa = PBXContainerItemProxy;
			containerPortal = 902B54D32CC6C19000BC83AF /* Project object */;
			proxyType = 1;
			remoteGlobalIDString = 902B54DA2CC6C19000BC83AF;
			remoteInfo = FirebaseAuth;
		};
/* End PBXContainerItemProxy section */

/* Begin PBXFileReference section */
		902B54DB2CC6C19000BC83AF /* FirebaseAuth.app */ = {isa = PBXFileReference; explicitFileType = wrapper.application; includeInIndex = 0; path = FirebaseAuth.app; sourceTree = BUILT_PRODUCTS_DIR; };
		902B54DE2CC6C19000BC83AF /* FirebaseAuthApp.swift */ = {isa = PBXFileReference; lastKnownFileType = sourcecode.swift; path = FirebaseAuthApp.swift; sourceTree = "<group>"; };
		902B54E02CC6C19000BC83AF /* ContentView.swift */ = {isa = PBXFileReference; lastKnownFileType = sourcecode.swift; path = ContentView.swift; sourceTree = "<group>"; };
		902B54E22CC6C19200BC83AF /* Assets.xcassets */ = {isa = PBXFileReference; lastKnownFileType = folder.assetcatalog; path = Assets.xcassets; sourceTree = "<group>"; };
		902B54E42CC6C19200BC83AF /* FirebaseAuth.entitlements */ = {isa = PBXFileReference; lastKnownFileType = text.plist.entitlements; path = FirebaseAuth.entitlements; sourceTree = "<group>"; };
		902B54E62CC6C19200BC83AF /* Preview Assets.xcassets */ = {isa = PBXFileReference; lastKnownFileType = folder.assetcatalog; path = "Preview Assets.xcassets"; sourceTree = "<group>"; };
		902B54EC2CC6C19200BC83AF /* FirebaseAuthTests.xctest */ = {isa = PBXFileReference; explicitFileType = wrapper.cfbundle; includeInIndex = 0; path = FirebaseAuthTests.xctest; sourceTree = BUILT_PRODUCTS_DIR; };
		902B54F02CC6C19200BC83AF /* FirebaseAuthTests.swift */ = {isa = PBXFileReference; lastKnownFileType = sourcecode.swift; path = FirebaseAuthTests.swift; sourceTree = "<group>"; };
		902B54F62CC6C19200BC83AF /* FirebaseAuthUITests.xctest */ = {isa = PBXFileReference; explicitFileType = wrapper.cfbundle; includeInIndex = 0; path = FirebaseAuthUITests.xctest; sourceTree = BUILT_PRODUCTS_DIR; };
		902B54FA2CC6C19200BC83AF /* FirebaseAuthUITests.swift */ = {isa = PBXFileReference; lastKnownFileType = sourcecode.swift; path = FirebaseAuthUITests.swift; sourceTree = "<group>"; };
		902B54FC2CC6C19200BC83AF /* FirebaseAuthUITestsLaunchTests.swift */ = {isa = PBXFileReference; lastKnownFileType = sourcecode.swift; path = FirebaseAuthUITestsLaunchTests.swift; sourceTree = "<group>"; };
		902B55122CC78B1500BC83AF /* LoginAssets.xcassets */ = {isa = PBXFileReference; lastKnownFileType = folder.assetcatalog; path = LoginAssets.xcassets; sourceTree = "<group>"; };
		902B55142CC78C0100BC83AF /* LoginView.swift */ = {isa = PBXFileReference; lastKnownFileType = sourcecode.swift; path = LoginView.swift; sourceTree = "<group>"; };
		902B55172CC7B33000BC83AF /* CapsuleButtonStyle.swift */ = {isa = PBXFileReference; lastKnownFileType = sourcecode.swift; path = CapsuleButtonStyle.swift; sourceTree = "<group>"; };
/* End PBXFileReference section */

/* Begin PBXFrameworksBuildPhase section */
		902B54D82CC6C19000BC83AF /* Frameworks */ = {
			isa = PBXFrameworksBuildPhase;
			buildActionMask = 2147483647;
			files = (
			);
			runOnlyForDeploymentPostprocessing = 0;
		};
		902B54E92CC6C19200BC83AF /* Frameworks */ = {
			isa = PBXFrameworksBuildPhase;
			buildActionMask = 2147483647;
			files = (
			);
			runOnlyForDeploymentPostprocessing = 0;
		};
		902B54F32CC6C19200BC83AF /* Frameworks */ = {
			isa = PBXFrameworksBuildPhase;
			buildActionMask = 2147483647;
			files = (
			);
			runOnlyForDeploymentPostprocessing = 0;
		};
/* End PBXFrameworksBuildPhase section */

/* Begin PBXGroup section */
		902B54D22CC6C19000BC83AF = {
			isa = PBXGroup;
			children = (
				902B54DD2CC6C19000BC83AF /* FirebaseAuth */,
				902B54EF2CC6C19200BC83AF /* FirebaseAuthTests */,
				902B54F92CC6C19200BC83AF /* FirebaseAuthUITests */,
				902B54DC2CC6C19000BC83AF /* Products */,
			);
			sourceTree = "<group>";
		};
		902B54DC2CC6C19000BC83AF /* Products */ = {
			isa = PBXGroup;
			children = (
				902B54DB2CC6C19000BC83AF /* FirebaseAuth.app */,
				902B54EC2CC6C19200BC83AF /* FirebaseAuthTests.xctest */,
				902B54F62CC6C19200BC83AF /* FirebaseAuthUITests.xctest */,
			);
			name = Products;
			sourceTree = "<group>";
		};
		902B54DD2CC6C19000BC83AF /* FirebaseAuth */ = {
			isa = PBXGroup;
			children = (
				902B550C2CC78A7B00BC83AF /* Screens */,
				902B550A2CC6C32700BC83AF /* Main */,
				902B550B2CC78A5000BC83AF /* Resources */,
				902B54E42CC6C19200BC83AF /* FirebaseAuth.entitlements */,
				902B54E52CC6C19200BC83AF /* Preview Content */,
			);
			path = FirebaseAuth;
			sourceTree = "<group>";
		};
		902B54E52CC6C19200BC83AF /* Preview Content */ = {
			isa = PBXGroup;
			children = (
				902B54E62CC6C19200BC83AF /* Preview Assets.xcassets */,
			);
			path = "Preview Content";
			sourceTree = "<group>";
		};
		902B54EF2CC6C19200BC83AF /* FirebaseAuthTests */ = {
			isa = PBXGroup;
			children = (
				902B54F02CC6C19200BC83AF /* FirebaseAuthTests.swift */,
			);
			path = FirebaseAuthTests;
			sourceTree = "<group>";
		};
		902B54F92CC6C19200BC83AF /* FirebaseAuthUITests */ = {
			isa = PBXGroup;
			children = (
				902B54FA2CC6C19200BC83AF /* FirebaseAuthUITests.swift */,
				902B54FC2CC6C19200BC83AF /* FirebaseAuthUITestsLaunchTests.swift */,
			);
			path = FirebaseAuthUITests;
			sourceTree = "<group>";
		};
		902B55092CC6C31B00BC83AF /* Views */ = {
			isa = PBXGroup;
			children = (
				902B54DE2CC6C19000BC83AF /* FirebaseAuthApp.swift */,
				902B54E02CC6C19000BC83AF /* ContentView.swift */,
			);
			path = Views;
			sourceTree = "<group>";
		};
		902B550A2CC6C32700BC83AF /* Main */ = {
			isa = PBXGroup;
			children = (
				902B55092CC6C31B00BC83AF /* Views */,
			);
			path = Main;
			sourceTree = "<group>";
		};
		902B550B2CC78A5000BC83AF /* Resources */ = {
			isa = PBXGroup;
			children = (
				902B54E22CC6C19200BC83AF /* Assets.xcassets */,
			);
			path = Resources;
			sourceTree = "<group>";
		};
		902B550C2CC78A7B00BC83AF /* Screens */ = {
			isa = PBXGroup;
			children = (
				902B550D2CC78A9300BC83AF /* Auth */,
			);
			path = Screens;
			sourceTree = "<group>";
		};
		902B550D2CC78A9300BC83AF /* Auth */ = {
			isa = PBXGroup;
			children = (
				902B55112CC78AAF00BC83AF /* Models */,
				902B55102CC78AAC00BC83AF /* Views */,
				902B550F2CC78AAA00BC83AF /* Resource */,
				902B550E2CC78AA600BC83AF /* ViewModels */,
			);
			path = Auth;
			sourceTree = "<group>";
		};
		902B550E2CC78AA600BC83AF /* ViewModels */ = {
			isa = PBXGroup;
			children = (
			);
			path = ViewModels;
			sourceTree = "<group>";
		};
		902B550F2CC78AAA00BC83AF /* Resource */ = {
			isa = PBXGroup;
			children = (
				902B55122CC78B1500BC83AF /* LoginAssets.xcassets */,
			);
			path = Resource;
			sourceTree = "<group>";
		};
		902B55102CC78AAC00BC83AF /* Views */ = {
			isa = PBXGroup;
			children = (
				902B55162CC7B31900BC83AF /* Styles */,
				902B55142CC78C0100BC83AF /* LoginView.swift */,
			);
			path = Views;
			sourceTree = "<group>";
		};
		902B55112CC78AAF00BC83AF /* Models */ = {
			isa = PBXGroup;
			children = (
			);
			path = Models;
			sourceTree = "<group>";
		};
		902B55162CC7B31900BC83AF /* Styles */ = {
			isa = PBXGroup;
			children = (
				902B55172CC7B33000BC83AF /* CapsuleButtonStyle.swift */,
			);
			path = Styles;
			sourceTree = "<group>";
		};
/* End PBXGroup section */

/* Begin PBXNativeTarget section */
		902B54DA2CC6C19000BC83AF /* FirebaseAuth */ = {
			isa = PBXNativeTarget;
			buildConfigurationList = 902B55002CC6C19200BC83AF /* Build configuration list for PBXNativeTarget "FirebaseAuth" */;
			buildPhases = (
				902B54D72CC6C19000BC83AF /* Sources */,
				902B54D82CC6C19000BC83AF /* Frameworks */,
				902B54D92CC6C19000BC83AF /* Resources */,
			);
			buildRules = (
			);
			dependencies = (
			);
			name = FirebaseAuth;
			productName = FirebaseAuth;
			productReference = 902B54DB2CC6C19000BC83AF /* FirebaseAuth.app */;
			productType = "com.apple.product-type.application";
		};
		902B54EB2CC6C19200BC83AF /* FirebaseAuthTests */ = {
			isa = PBXNativeTarget;
			buildConfigurationList = 902B55032CC6C19200BC83AF /* Build configuration list for PBXNativeTarget "FirebaseAuthTests" */;
			buildPhases = (
				902B54E82CC6C19200BC83AF /* Sources */,
				902B54E92CC6C19200BC83AF /* Frameworks */,
				902B54EA2CC6C19200BC83AF /* Resources */,
			);
			buildRules = (
			);
			dependencies = (
				902B54EE2CC6C19200BC83AF /* PBXTargetDependency */,
			);
			name = FirebaseAuthTests;
			productName = FirebaseAuthTests;
			productReference = 902B54EC2CC6C19200BC83AF /* FirebaseAuthTests.xctest */;
			productType = "com.apple.product-type.bundle.unit-test";
		};
		902B54F52CC6C19200BC83AF /* FirebaseAuthUITests */ = {
			isa = PBXNativeTarget;
			buildConfigurationList = 902B55062CC6C19200BC83AF /* Build configuration list for PBXNativeTarget "FirebaseAuthUITests" */;
			buildPhases = (
				902B54F22CC6C19200BC83AF /* Sources */,
				902B54F32CC6C19200BC83AF /* Frameworks */,
				902B54F42CC6C19200BC83AF /* Resources */,
			);
			buildRules = (
			);
			dependencies = (
				902B54F82CC6C19200BC83AF /* PBXTargetDependency */,
			);
			name = FirebaseAuthUITests;
			productName = FirebaseAuthUITests;
			productReference = 902B54F62CC6C19200BC83AF /* FirebaseAuthUITests.xctest */;
			productType = "com.apple.product-type.bundle.ui-testing";
		};
/* End PBXNativeTarget section */

/* Begin PBXProject section */
		902B54D32CC6C19000BC83AF /* Project object */ = {
			isa = PBXProject;
			attributes = {
				BuildIndependentTargetsInParallel = 1;
				LastSwiftUpdateCheck = 1540;
				LastUpgradeCheck = 1540;
				TargetAttributes = {
					902B54DA2CC6C19000BC83AF = {
						CreatedOnToolsVersion = 15.4;
					};
					902B54EB2CC6C19200BC83AF = {
						CreatedOnToolsVersion = 15.4;
						TestTargetID = 902B54DA2CC6C19000BC83AF;
					};
					902B54F52CC6C19200BC83AF = {
						CreatedOnToolsVersion = 15.4;
						TestTargetID = 902B54DA2CC6C19000BC83AF;
					};
				};
			};
			buildConfigurationList = 902B54D62CC6C19000BC83AF /* Build configuration list for PBXProject "FirebaseAuth" */;
			compatibilityVersion = "Xcode 14.0";
			developmentRegion = en;
			hasScannedForEncodings = 0;
			knownRegions = (
				en,
				Base,
			);
			mainGroup = 902B54D22CC6C19000BC83AF;
			productRefGroup = 902B54DC2CC6C19000BC83AF /* Products */;
			projectDirPath = "";
			projectRoot = "";
			targets = (
				902B54DA2CC6C19000BC83AF /* FirebaseAuth */,
				902B54EB2CC6C19200BC83AF /* FirebaseAuthTests */,
				902B54F52CC6C19200BC83AF /* FirebaseAuthUITests */,
			);
		};
/* End PBXProject section */

/* Begin PBXResourcesBuildPhase section */
		902B54D92CC6C19000BC83AF /* Resources */ = {
			isa = PBXResourcesBuildPhase;
			buildActionMask = 2147483647;
			files = (
				902B54E72CC6C19200BC83AF /* Preview Assets.xcassets in Resources */,
				902B55132CC78B1500BC83AF /* LoginAssets.xcassets in Resources */,
				902B54E32CC6C19200BC83AF /* Assets.xcassets in Resources */,
			);
			runOnlyForDeploymentPostprocessing = 0;
		};
		902B54EA2CC6C19200BC83AF /* Resources */ = {
			isa = PBXResourcesBuildPhase;
			buildActionMask = 2147483647;
			files = (
			);
			runOnlyForDeploymentPostprocessing = 0;
		};
		902B54F42CC6C19200BC83AF /* Resources */ = {
			isa = PBXResourcesBuildPhase;
			buildActionMask = 2147483647;
			files = (
			);
			runOnlyForDeploymentPostprocessing = 0;
		};
/* End PBXResourcesBuildPhase section */

/* Begin PBXSourcesBuildPhase section */
		902B54D72CC6C19000BC83AF /* Sources */ = {
			isa = PBXSourcesBuildPhase;
			buildActionMask = 2147483647;
			files = (
				902B55152CC78C0100BC83AF /* LoginView.swift in Sources */,
				902B55182CC7B33000BC83AF /* CapsuleButtonStyle.swift in Sources */,
				902B54E12CC6C19000BC83AF /* ContentView.swift in Sources */,
				902B54DF2CC6C19000BC83AF /* FirebaseAuthApp.swift in Sources */,
			);
			runOnlyForDeploymentPostprocessing = 0;
		};
		902B54E82CC6C19200BC83AF /* Sources */ = {
			isa = PBXSourcesBuildPhase;
			buildActionMask = 2147483647;
			files = (
				902B54F12CC6C19200BC83AF /* FirebaseAuthTests.swift in Sources */,
			);
			runOnlyForDeploymentPostprocessing = 0;
		};
		902B54F22CC6C19200BC83AF /* Sources */ = {
			isa = PBXSourcesBuildPhase;
			buildActionMask = 2147483647;
			files = (
				902B54FB2CC6C19200BC83AF /* FirebaseAuthUITests.swift in Sources */,
				902B54FD2CC6C19200BC83AF /* FirebaseAuthUITestsLaunchTests.swift in Sources */,
			);
			runOnlyForDeploymentPostprocessing = 0;
		};
/* End PBXSourcesBuildPhase section */

/* Begin PBXTargetDependency section */
		902B54EE2CC6C19200BC83AF /* PBXTargetDependency */ = {
			isa = PBXTargetDependency;
			target = 902B54DA2CC6C19000BC83AF /* FirebaseAuth */;
			targetProxy = 902B54ED2CC6C19200BC83AF /* PBXContainerItemProxy */;
		};
		902B54F82CC6C19200BC83AF /* PBXTargetDependency */ = {
			isa = PBXTargetDependency;
			target = 902B54DA2CC6C19000BC83AF /* FirebaseAuth */;
			targetProxy = 902B54F72CC6C19200BC83AF /* PBXContainerItemProxy */;
		};
/* End PBXTargetDependency section */

/* Begin XCBuildConfiguration section */
		902B54FE2CC6C19200BC83AF /* Debug */ = {
			isa = XCBuildConfiguration;
			buildSettings = {
				ALWAYS_SEARCH_USER_PATHS = NO;
				ASSETCATALOG_COMPILER_GENERATE_SWIFT_ASSET_SYMBOL_EXTENSIONS = YES;
				CLANG_ANALYZER_NONNULL = YES;
				CLANG_ANALYZER_NUMBER_OBJECT_CONVERSION = YES_AGGRESSIVE;
				CLANG_CXX_LANGUAGE_STANDARD = "gnu++20";
				CLANG_ENABLE_MODULES = YES;
				CLANG_ENABLE_OBJC_ARC = YES;
				CLANG_ENABLE_OBJC_WEAK = YES;
				CLANG_WARN_BLOCK_CAPTURE_AUTORELEASING = YES;
				CLANG_WARN_BOOL_CONVERSION = YES;
				CLANG_WARN_COMMA = YES;
				CLANG_WARN_CONSTANT_CONVERSION = YES;
				CLANG_WARN_DEPRECATED_OBJC_IMPLEMENTATIONS = YES;
				CLANG_WARN_DIRECT_OBJC_ISA_USAGE = YES_ERROR;
				CLANG_WARN_DOCUMENTATION_COMMENTS = YES;
				CLANG_WARN_EMPTY_BODY = YES;
				CLANG_WARN_ENUM_CONVERSION = YES;
				CLANG_WARN_INFINITE_RECURSION = YES;
				CLANG_WARN_INT_CONVERSION = YES;
				CLANG_WARN_NON_LITERAL_NULL_CONVERSION = YES;
				CLANG_WARN_OBJC_IMPLICIT_RETAIN_SELF = YES;
				CLANG_WARN_OBJC_LITERAL_CONVERSION = YES;
				CLANG_WARN_OBJC_ROOT_CLASS = YES_ERROR;
				CLANG_WARN_QUOTED_INCLUDE_IN_FRAMEWORK_HEADER = YES;
				CLANG_WARN_RANGE_LOOP_ANALYSIS = YES;
				CLANG_WARN_STRICT_PROTOTYPES = YES;
				CLANG_WARN_SUSPICIOUS_MOVE = YES;
				CLANG_WARN_UNGUARDED_AVAILABILITY = YES_AGGRESSIVE;
				CLANG_WARN_UNREACHABLE_CODE = YES;
				CLANG_WARN__DUPLICATE_METHOD_MATCH = YES;
				COPY_PHASE_STRIP = NO;
				DEBUG_INFORMATION_FORMAT = dwarf;
				ENABLE_STRICT_OBJC_MSGSEND = YES;
				ENABLE_TESTABILITY = YES;
				ENABLE_USER_SCRIPT_SANDBOXING = YES;
				GCC_C_LANGUAGE_STANDARD = gnu17;
				GCC_DYNAMIC_NO_PIC = NO;
				GCC_NO_COMMON_BLOCKS = YES;
				GCC_OPTIMIZATION_LEVEL = 0;
				GCC_PREPROCESSOR_DEFINITIONS = (
					"DEBUG=1",
					"$(inherited)",
				);
				GCC_WARN_64_TO_32_BIT_CONVERSION = YES;
				GCC_WARN_ABOUT_RETURN_TYPE = YES_ERROR;
				GCC_WARN_UNDECLARED_SELECTOR = YES;
				GCC_WARN_UNINITIALIZED_AUTOS = YES_AGGRESSIVE;
				GCC_WARN_UNUSED_FUNCTION = YES;
				GCC_WARN_UNUSED_VARIABLE = YES;
				LOCALIZATION_PREFERS_STRING_CATALOGS = YES;
				MTL_ENABLE_DEBUG_INFO = INCLUDE_SOURCE;
				MTL_FAST_MATH = YES;
				ONLY_ACTIVE_ARCH = YES;
				SWIFT_ACTIVE_COMPILATION_CONDITIONS = "DEBUG $(inherited)";
				SWIFT_OPTIMIZATION_LEVEL = "-Onone";
			};
			name = Debug;
		};
		902B54FF2CC6C19200BC83AF /* Release */ = {
			isa = XCBuildConfiguration;
			buildSettings = {
				ALWAYS_SEARCH_USER_PATHS = NO;
				ASSETCATALOG_COMPILER_GENERATE_SWIFT_ASSET_SYMBOL_EXTENSIONS = YES;
				CLANG_ANALYZER_NONNULL = YES;
				CLANG_ANALYZER_NUMBER_OBJECT_CONVERSION = YES_AGGRESSIVE;
				CLANG_CXX_LANGUAGE_STANDARD = "gnu++20";
				CLANG_ENABLE_MODULES = YES;
				CLANG_ENABLE_OBJC_ARC = YES;
				CLANG_ENABLE_OBJC_WEAK = YES;
				CLANG_WARN_BLOCK_CAPTURE_AUTORELEASING = YES;
				CLANG_WARN_BOOL_CONVERSION = YES;
				CLANG_WARN_COMMA = YES;
				CLANG_WARN_CONSTANT_CONVERSION = YES;
				CLANG_WARN_DEPRECATED_OBJC_IMPLEMENTATIONS = YES;
				CLANG_WARN_DIRECT_OBJC_ISA_USAGE = YES_ERROR;
				CLANG_WARN_DOCUMENTATION_COMMENTS = YES;
				CLANG_WARN_EMPTY_BODY = YES;
				CLANG_WARN_ENUM_CONVERSION = YES;
				CLANG_WARN_INFINITE_RECURSION = YES;
				CLANG_WARN_INT_CONVERSION = YES;
				CLANG_WARN_NON_LITERAL_NULL_CONVERSION = YES;
				CLANG_WARN_OBJC_IMPLICIT_RETAIN_SELF = YES;
				CLANG_WARN_OBJC_LITERAL_CONVERSION = YES;
				CLANG_WARN_OBJC_ROOT_CLASS = YES_ERROR;
				CLANG_WARN_QUOTED_INCLUDE_IN_FRAMEWORK_HEADER = YES;
				CLANG_WARN_RANGE_LOOP_ANALYSIS = YES;
				CLANG_WARN_STRICT_PROTOTYPES = YES;
				CLANG_WARN_SUSPICIOUS_MOVE = YES;
				CLANG_WARN_UNGUARDED_AVAILABILITY = YES_AGGRESSIVE;
				CLANG_WARN_UNREACHABLE_CODE = YES;
				CLANG_WARN__DUPLICATE_METHOD_MATCH = YES;
				COPY_PHASE_STRIP = NO;
				DEBUG_INFORMATION_FORMAT = "dwarf-with-dsym";
				ENABLE_NS_ASSERTIONS = NO;
				ENABLE_STRICT_OBJC_MSGSEND = YES;
				ENABLE_USER_SCRIPT_SANDBOXING = YES;
				GCC_C_LANGUAGE_STANDARD = gnu17;
				GCC_NO_COMMON_BLOCKS = YES;
				GCC_WARN_64_TO_32_BIT_CONVERSION = YES;
				GCC_WARN_ABOUT_RETURN_TYPE = YES_ERROR;
				GCC_WARN_UNDECLARED_SELECTOR = YES;
				GCC_WARN_UNINITIALIZED_AUTOS = YES_AGGRESSIVE;
				GCC_WARN_UNUSED_FUNCTION = YES;
				GCC_WARN_UNUSED_VARIABLE = YES;
				LOCALIZATION_PREFERS_STRING_CATALOGS = YES;
				MTL_ENABLE_DEBUG_INFO = NO;
				MTL_FAST_MATH = YES;
				SWIFT_COMPILATION_MODE = wholemodule;
			};
			name = Release;
		};
		902B55012CC6C19200BC83AF /* Debug */ = {
			isa = XCBuildConfiguration;
			buildSettings = {
				ASSETCATALOG_COMPILER_APPICON_NAME = AppIcon;
				ASSETCATALOG_COMPILER_GLOBAL_ACCENT_COLOR_NAME = AccentColor;
				CODE_SIGN_ENTITLEMENTS = FirebaseAuth/FirebaseAuth.entitlements;
				CODE_SIGN_STYLE = Automatic;
				CURRENT_PROJECT_VERSION = 1;
				DEVELOPMENT_ASSET_PATHS = "\"FirebaseAuth/Preview Content\"";
				ENABLE_PREVIEWS = YES;
				GENERATE_INFOPLIST_FILE = YES;
				"INFOPLIST_KEY_UIApplicationSceneManifest_Generation[sdk=iphoneos*]" = YES;
				"INFOPLIST_KEY_UIApplicationSceneManifest_Generation[sdk=iphonesimulator*]" = YES;
				"INFOPLIST_KEY_UIApplicationSupportsIndirectInputEvents[sdk=iphoneos*]" = YES;
				"INFOPLIST_KEY_UIApplicationSupportsIndirectInputEvents[sdk=iphonesimulator*]" = YES;
				"INFOPLIST_KEY_UILaunchScreen_Generation[sdk=iphoneos*]" = YES;
				"INFOPLIST_KEY_UILaunchScreen_Generation[sdk=iphonesimulator*]" = YES;
				"INFOPLIST_KEY_UIStatusBarStyle[sdk=iphoneos*]" = UIStatusBarStyleDefault;
				"INFOPLIST_KEY_UIStatusBarStyle[sdk=iphonesimulator*]" = UIStatusBarStyleDefault;
				INFOPLIST_KEY_UISupportedInterfaceOrientations_iPad = "UIInterfaceOrientationPortrait UIInterfaceOrientationPortraitUpsideDown UIInterfaceOrientationLandscapeLeft UIInterfaceOrientationLandscapeRight";
				INFOPLIST_KEY_UISupportedInterfaceOrientations_iPhone = "UIInterfaceOrientationPortrait UIInterfaceOrientationLandscapeLeft UIInterfaceOrientationLandscapeRight";
				IPHONEOS_DEPLOYMENT_TARGET = 17.5;
				LD_RUNPATH_SEARCH_PATHS = "@executable_path/Frameworks";
				"LD_RUNPATH_SEARCH_PATHS[sdk=macosx*]" = "@executable_path/../Frameworks";
				MACOSX_DEPLOYMENT_TARGET = 14.5;
				MARKETING_VERSION = 1.0;
				PRODUCT_BUNDLE_IDENTIFIER = com.agl.FirebaseAuth;
				PRODUCT_NAME = "$(TARGET_NAME)";
				SDKROOT = auto;
				SUPPORTED_PLATFORMS = "iphoneos iphonesimulator macosx";
				SWIFT_EMIT_LOC_STRINGS = YES;
				SWIFT_VERSION = 5.0;
				TARGETED_DEVICE_FAMILY = "1,2";
			};
			name = Debug;
		};
		902B55022CC6C19200BC83AF /* Release */ = {
			isa = XCBuildConfiguration;
			buildSettings = {
				ASSETCATALOG_COMPILER_APPICON_NAME = AppIcon;
				ASSETCATALOG_COMPILER_GLOBAL_ACCENT_COLOR_NAME = AccentColor;
				CODE_SIGN_ENTITLEMENTS = FirebaseAuth/FirebaseAuth.entitlements;
				CODE_SIGN_STYLE = Automatic;
				CURRENT_PROJECT_VERSION = 1;
				DEVELOPMENT_ASSET_PATHS = "\"FirebaseAuth/Preview Content\"";
				ENABLE_PREVIEWS = YES;
				GENERATE_INFOPLIST_FILE = YES;
				"INFOPLIST_KEY_UIApplicationSceneManifest_Generation[sdk=iphoneos*]" = YES;
				"INFOPLIST_KEY_UIApplicationSceneManifest_Generation[sdk=iphonesimulator*]" = YES;
				"INFOPLIST_KEY_UIApplicationSupportsIndirectInputEvents[sdk=iphoneos*]" = YES;
				"INFOPLIST_KEY_UIApplicationSupportsIndirectInputEvents[sdk=iphonesimulator*]" = YES;
				"INFOPLIST_KEY_UILaunchScreen_Generation[sdk=iphoneos*]" = YES;
				"INFOPLIST_KEY_UILaunchScreen_Generation[sdk=iphonesimulator*]" = YES;
				"INFOPLIST_KEY_UIStatusBarStyle[sdk=iphoneos*]" = UIStatusBarStyleDefault;
				"INFOPLIST_KEY_UIStatusBarStyle[sdk=iphonesimulator*]" = UIStatusBarStyleDefault;
				INFOPLIST_KEY_UISupportedInterfaceOrientations_iPad = "UIInterfaceOrientationPortrait UIInterfaceOrientationPortraitUpsideDown UIInterfaceOrientationLandscapeLeft UIInterfaceOrientationLandscapeRight";
				INFOPLIST_KEY_UISupportedInterfaceOrientations_iPhone = "UIInterfaceOrientationPortrait UIInterfaceOrientationLandscapeLeft UIInterfaceOrientationLandscapeRight";
				IPHONEOS_DEPLOYMENT_TARGET = 17.5;
				LD_RUNPATH_SEARCH_PATHS = "@executable_path/Frameworks";
				"LD_RUNPATH_SEARCH_PATHS[sdk=macosx*]" = "@executable_path/../Frameworks";
				MACOSX_DEPLOYMENT_TARGET = 14.5;
				MARKETING_VERSION = 1.0;
				PRODUCT_BUNDLE_IDENTIFIER = com.agl.FirebaseAuth;
				PRODUCT_NAME = "$(TARGET_NAME)";
				SDKROOT = auto;
				SUPPORTED_PLATFORMS = "iphoneos iphonesimulator macosx";
				SWIFT_EMIT_LOC_STRINGS = YES;
				SWIFT_VERSION = 5.0;
				TARGETED_DEVICE_FAMILY = "1,2";
			};
			name = Release;
		};
		902B55042CC6C19200BC83AF /* Debug */ = {
			isa = XCBuildConfiguration;
			buildSettings = {
				ALWAYS_EMBED_SWIFT_STANDARD_LIBRARIES = YES;
				BUNDLE_LOADER = "$(TEST_HOST)";
				CODE_SIGN_STYLE = Automatic;
				CURRENT_PROJECT_VERSION = 1;
				GENERATE_INFOPLIST_FILE = YES;
				IPHONEOS_DEPLOYMENT_TARGET = 17.5;
				MACOSX_DEPLOYMENT_TARGET = 14.5;
				MARKETING_VERSION = 1.0;
				PRODUCT_BUNDLE_IDENTIFIER = com.agl.FirebaseAuthTests;
				PRODUCT_NAME = "$(TARGET_NAME)";
				SDKROOT = auto;
				SUPPORTED_PLATFORMS = "iphoneos iphonesimulator macosx";
				SWIFT_EMIT_LOC_STRINGS = NO;
				SWIFT_VERSION = 5.0;
				TARGETED_DEVICE_FAMILY = "1,2";
				TEST_HOST = "$(BUILT_PRODUCTS_DIR)/FirebaseAuth.app/$(BUNDLE_EXECUTABLE_FOLDER_PATH)/FirebaseAuth";
			};
			name = Debug;
		};
		902B55052CC6C19200BC83AF /* Release */ = {
			isa = XCBuildConfiguration;
			buildSettings = {
				ALWAYS_EMBED_SWIFT_STANDARD_LIBRARIES = YES;
				BUNDLE_LOADER = "$(TEST_HOST)";
				CODE_SIGN_STYLE = Automatic;
				CURRENT_PROJECT_VERSION = 1;
				GENERATE_INFOPLIST_FILE = YES;
				IPHONEOS_DEPLOYMENT_TARGET = 17.5;
				MACOSX_DEPLOYMENT_TARGET = 14.5;
				MARKETING_VERSION = 1.0;
				PRODUCT_BUNDLE_IDENTIFIER = com.agl.FirebaseAuthTests;
				PRODUCT_NAME = "$(TARGET_NAME)";
				SDKROOT = auto;
				SUPPORTED_PLATFORMS = "iphoneos iphonesimulator macosx";
				SWIFT_EMIT_LOC_STRINGS = NO;
				SWIFT_VERSION = 5.0;
				TARGETED_DEVICE_FAMILY = "1,2";
				TEST_HOST = "$(BUILT_PRODUCTS_DIR)/FirebaseAuth.app/$(BUNDLE_EXECUTABLE_FOLDER_PATH)/FirebaseAuth";
			};
			name = Release;
		};
		902B55072CC6C19200BC83AF /* Debug */ = {
			isa = XCBuildConfiguration;
			buildSettings = {
				ALWAYS_EMBED_SWIFT_STANDARD_LIBRARIES = YES;
				CODE_SIGN_STYLE = Automatic;
				CURRENT_PROJECT_VERSION = 1;
				GENERATE_INFOPLIST_FILE = YES;
				IPHONEOS_DEPLOYMENT_TARGET = 17.5;
				MACOSX_DEPLOYMENT_TARGET = 14.5;
				MARKETING_VERSION = 1.0;
				PRODUCT_BUNDLE_IDENTIFIER = com.agl.FirebaseAuthUITests;
				PRODUCT_NAME = "$(TARGET_NAME)";
				SDKROOT = auto;
				SUPPORTED_PLATFORMS = "iphoneos iphonesimulator macosx";
				SWIFT_EMIT_LOC_STRINGS = NO;
				SWIFT_VERSION = 5.0;
				TARGETED_DEVICE_FAMILY = "1,2";
				TEST_TARGET_NAME = FirebaseAuth;
			};
			name = Debug;
		};
		902B55082CC6C19200BC83AF /* Release */ = {
			isa = XCBuildConfiguration;
			buildSettings = {
				ALWAYS_EMBED_SWIFT_STANDARD_LIBRARIES = YES;
				CODE_SIGN_STYLE = Automatic;
				CURRENT_PROJECT_VERSION = 1;
				GENERATE_INFOPLIST_FILE = YES;
				IPHONEOS_DEPLOYMENT_TARGET = 17.5;
				MACOSX_DEPLOYMENT_TARGET = 14.5;
				MARKETING_VERSION = 1.0;
				PRODUCT_BUNDLE_IDENTIFIER = com.agl.FirebaseAuthUITests;
				PRODUCT_NAME = "$(TARGET_NAME)";
				SDKROOT = auto;
				SUPPORTED_PLATFORMS = "iphoneos iphonesimulator macosx";
				SWIFT_EMIT_LOC_STRINGS = NO;
				SWIFT_VERSION = 5.0;
				TARGETED_DEVICE_FAMILY = "1,2";
				TEST_TARGET_NAME = FirebaseAuth;
			};
			name = Release;
		};
/* End XCBuildConfiguration section */

/* Begin XCConfigurationList section */
		902B54D62CC6C19000BC83AF /* Build configuration list for PBXProject "FirebaseAuth" */ = {
			isa = XCConfigurationList;
			buildConfigurations = (
				902B54FE2CC6C19200BC83AF /* Debug */,
				902B54FF2CC6C19200BC83AF /* Release */,
			);
			defaultConfigurationIsVisible = 0;
			defaultConfigurationName = Release;
		};
		902B55002CC6C19200BC83AF /* Build configuration list for PBXNativeTarget "FirebaseAuth" */ = {
			isa = XCConfigurationList;
			buildConfigurations = (
				902B55012CC6C19200BC83AF /* Debug */,
				902B55022CC6C19200BC83AF /* Release */,
			);
			defaultConfigurationIsVisible = 0;
			defaultConfigurationName = Release;
		};
		902B55032CC6C19200BC83AF /* Build configuration list for PBXNativeTarget "FirebaseAuthTests" */ = {
			isa = XCConfigurationList;
			buildConfigurations = (
				902B55042CC6C19200BC83AF /* Debug */,
				902B55052CC6C19200BC83AF /* Release */,
			);
			defaultConfigurationIsVisible = 0;
			defaultConfigurationName = Release;
		};
		902B55062CC6C19200BC83AF /* Build configuration list for PBXNativeTarget "FirebaseAuthUITests" */ = {
			isa = XCConfigurationList;
			buildConfigurations = (
				902B55072CC6C19200BC83AF /* Debug */,
				902B55082CC6C19200BC83AF /* Release */,
			);
			defaultConfigurationIsVisible = 0;
			defaultConfigurationName = Release;
		};
/* End XCConfigurationList section */
	};
	rootObject = 902B54D32CC6C19000BC83AF /* Project object */;
}
